// !$*UTF8*$!
{
	archiveVersion = 1;
	classes = {
	};
	objectVersion = 50;
	objects = {

/* Begin PBXBuildFile section */
		512D7E82259CA9CA0064CCDA /* List_and_NavigationViewApp.swift in Sources */ = {isa = PBXBuildFile; fileRef = 512D7E81259CA9CA0064CCDA /* List_and_NavigationViewApp.swift */; };
		512D7E84259CA9CA0064CCDA /* ContentView.swift in Sources */ = {isa = PBXBuildFile; fileRef = 512D7E83259CA9CA0064CCDA /* ContentView.swift */; };
		512D7E86259CA9CD0064CCDA /* Assets.xcassets in Resources */ = {isa = PBXBuildFile; fileRef = 512D7E85259CA9CD0064CCDA /* Assets.xcassets */; };
		512D7E89259CA9CD0064CCDA /* Preview Assets.xcassets in Resources */ = {isa = PBXBuildFile; fileRef = 512D7E88259CA9CD0064CCDA /* Preview Assets.xcassets */; };
		512D7E92259CA9F70064CCDA /* StaticRowsListView.swift in Sources */ = {isa = PBXBuildFile; fileRef = 512D7E91259CA9F70064CCDA /* StaticRowsListView.swift */; };
		512D7E95259CCB410064CCDA /* ContactStore.swift in Sources */ = {isa = PBXBuildFile; fileRef = 512D7E94259CCB410064CCDA /* ContactStore.swift */; };
		512D7E98259CCCEA0064CCDA /* ContactListView.swift in Sources */ = {isa = PBXBuildFile; fileRef = 512D7E97259CCCEA0064CCDA /* ContactListView.swift */; };
		512D7E9B259CE4B10064CCDA /* ContactView.swift in Sources */ = {isa = PBXBuildFile; fileRef = 512D7E9A259CE4B10064CCDA /* ContactView.swift */; };
/* End PBXBuildFile section */

/* Begin PBXFileReference section */
		512D7E7E259CA9CA0064CCDA /* List and NavigationView.app */ = {isa = PBXFileReference; explicitFileType = wrapper.application; includeInIndex = 0; path = "List and NavigationView.app"; sourceTree = BUILT_PRODUCTS_DIR; };
		512D7E81259CA9CA0064CCDA /* List_and_NavigationViewApp.swift */ = {isa = PBXFileReference; lastKnownFileType = sourcecode.swift; path = List_and_NavigationViewApp.swift; sourceTree = "<group>"; };
		512D7E83259CA9CA0064CCDA /* ContentView.swift */ = {isa = PBXFileReference; lastKnownFileType = sourcecode.swift; path = ContentView.swift; sourceTree = "<group>"; };
		512D7E85259CA9CD0064CCDA /* Assets.xcassets */ = {isa = PBXFileReference; lastKnownFileType = folder.assetcatalog; path = Assets.xcassets; sourceTree = "<group>"; };
		512D7E88259CA9CD0064CCDA /* Preview Assets.xcassets */ = {isa = PBXFileReference; lastKnownFileType = folder.assetcatalog; path = "Preview Assets.xcassets"; sourceTree = "<group>"; };
		512D7E8A259CA9CD0064CCDA /* Info.plist */ = {isa = PBXFileReference; lastKnownFileType = text.plist.xml; path = Info.plist; sourceTree = "<group>"; };
		512D7E91259CA9F70064CCDA /* StaticRowsListView.swift */ = {isa = PBXFileReference; lastKnownFileType = sourcecode.swift; path = StaticRowsListView.swift; sourceTree = "<group>"; };
		512D7E94259CCB410064CCDA /* ContactStore.swift */ = {isa = PBXFileReference; lastKnownFileType = sourcecode.swift; path = ContactStore.swift; sourceTree = "<group>"; };
		512D7E97259CCCEA0064CCDA /* ContactListView.swift */ = {isa = PBXFileReference; lastKnownFileType = sourcecode.swift; path = ContactListView.swift; sourceTree = "<group>"; };
		512D7E9A259CE4B10064CCDA /* ContactView.swift */ = {isa = PBXFileReference; lastKnownFileType = sourcecode.swift; path = ContactView.swift; sourceTree = "<group>"; };
/* End PBXFileReference section */

/* Begin PBXFrameworksBuildPhase section */
		512D7E7B259CA9CA0064CCDA /* Frameworks */ = {
			isa = PBXFrameworksBuildPhase;
			buildActionMask = 2147483647;
			files = (
			);
			runOnlyForDeploymentPostprocessing = 0;
		};
/* End PBXFrameworksBuildPhase section */

/* Begin PBXGroup section */
		512D7E75259CA9CA0064CCDA = {
			isa = PBXGroup;
			children = (
				512D7E80259CA9CA0064CCDA /* List and NavigationView */,
				512D7E7F259CA9CA0064CCDA /* Products */,
			);
			sourceTree = "<group>";
		};
		512D7E7F259CA9CA0064CCDA /* Products */ = {
			isa = PBXGroup;
			children = (
				512D7E7E259CA9CA0064CCDA /* List and NavigationView.app */,
			);
			name = Products;
			sourceTree = "<group>";
		};
		512D7E80259CA9CA0064CCDA /* List and NavigationView */ = {
			isa = PBXGroup;
			children = (
				512D7E81259CA9CA0064CCDA /* List_and_NavigationViewApp.swift */,
				512D7E83259CA9CA0064CCDA /* ContentView.swift */,
				512D7E91259CA9F70064CCDA /* StaticRowsListView.swift */,
				512D7E97259CCCEA0064CCDA /* ContactListView.swift */,
				512D7E9A259CE4B10064CCDA /* ContactView.swift */,
				512D7E94259CCB410064CCDA /* ContactStore.swift */,
				512D7E85259CA9CD0064CCDA /* Assets.xcassets */,
				512D7E8A259CA9CD0064CCDA /* Info.plist */,
				512D7E87259CA9CD0064CCDA /* Preview Content */,
			);
			path = "List and NavigationView";
			sourceTree = "<group>";
		};
		512D7E87259CA9CD0064CCDA /* Preview Content */ = {
			isa = PBXGroup;
			children = (
				512D7E88259CA9CD0064CCDA /* Preview Assets.xcassets */,
			);
			path = "Preview Content";
			sourceTree = "<group>";
		};
/* End PBXGroup section */

/* Begin PBXNativeTarget section */
		512D7E7D259CA9CA0064CCDA /* List and NavigationView */ = {
			isa = PBXNativeTarget;
			buildConfigurationList = 512D7E8D259CA9CD0064CCDA /* Build configuration list for PBXNativeTarget "List and NavigationView" */;
			buildPhases = (
				512D7E7A259CA9CA0064CCDA /* Sources */,
				512D7E7B259CA9CA0064CCDA /* Frameworks */,
				512D7E7C259CA9CA0064CCDA /* Resources */,
			);
			buildRules = (
			);
			dependencies = (
			);
			name = "List and NavigationView";
			productName = "List and NavigationView";
			productReference = 512D7E7E259CA9CA0064CCDA /* List and NavigationView.app */;
			productType = "com.apple.product-type.application";
		};
/* End PBXNativeTarget section */

/* Begin PBXProject section */
		512D7E76259CA9CA0064CCDA /* Project object */ = {
			isa = PBXProject;
			attributes = {
				LastSwiftUpdateCheck = 1230;
				LastUpgradeCheck = 1230;
				TargetAttributes = {
					512D7E7D259CA9CA0064CCDA = {
						CreatedOnToolsVersion = 12.3;
					};
				};
			};
			buildConfigurationList = 512D7E79259CA9CA0064CCDA /* Build configuration list for PBXProject "List and NavigationView" */;
			compatibilityVersion = "Xcode 9.3";
			developmentRegion = en;
			hasScannedForEncodings = 0;
			knownRegions = (
				en,
				Base,
			);
			mainGroup = 512D7E75259CA9CA0064CCDA;
			productRefGroup = 512D7E7F259CA9CA0064CCDA /* Products */;
			projectDirPath = "";
			projectRoot = "";
			targets = (
				512D7E7D259CA9CA0064CCDA /* List and NavigationView */,
			);
		};
/* End PBXProject section */

/* Begin PBXResourcesBuildPhase section */
		512D7E7C259CA9CA0064CCDA /* Resources */ = {
			isa = PBXResourcesBuildPhase;
			buildActionMask = 2147483647;
			files = (
				512D7E89259CA9CD0064CCDA /* Preview Assets.xcassets in Resources */,
				512D7E86259CA9CD0064CCDA /* Assets.xcassets in Resources */,
			);
			runOnlyForDeploymentPostprocessing = 0;
		};
/* End PBXResourcesBuildPhase section */

/* Begin PBXSourcesBuildPhase section */
		512D7E7A259CA9CA0064CCDA /* Sources */ = {
			isa = PBXSourcesBuildPhase;
			buildActionMask = 2147483647;
			files = (
				512D7E98259CCCEA0064CCDA /* ContactListView.swift in Sources */,
				512D7E9B259CE4B10064CCDA /* ContactView.swift in Sources */,
				512D7E84259CA9CA0064CCDA /* ContentView.swift in Sources */,
				512D7E92259CA9F70064CCDA /* StaticRowsListView.swift in Sources */,
				512D7E95259CCB410064CCDA /* ContactStore.swift in Sources */,
				512D7E82259CA9CA0064CCDA /* List_and_NavigationViewApp.swift in Sources */,
			);
			runOnlyForDeploymentPostprocessing = 0;
		};
/* End PBXSourcesBuildPhase section */

/* Begin XCBuildConfiguration section */
		512D7E8B259CA9CD0064CCDA /* Debug */ = {
			isa = XCBuildConfiguration;
			buildSettings = {
				ALWAYS_SEARCH_USER_PATHS = NO;
				CLANG_ANALYZER_NONNULL = YES;
				CLANG_ANALYZER_NUMBER_OBJECT_CONVERSION = YES_AGGRESSIVE;
				CLANG_CXX_LANGUAGE_STANDARD = "gnu++14";
				CLANG_CXX_LIBRARY = "libc++";
				CLANG_ENABLE_MODULES = YES;
				CLANG_ENABLE_OBJC_ARC = YES;
				CLANG_ENABLE_OBJC_WEAK = YES;
				CLANG_WARN_BLOCK_CAPTURE_AUTORELEASING = YES;
				CLANG_WARN_BOOL_CONVERSION = YES;
				CLANG_WARN_COMMA = YES;
				CLANG_WARN_CONSTANT_CONVERSION = YES;
				CLANG_WARN_DEPRECATED_OBJC_IMPLEMENTATIONS = YES;
				CLANG_WARN_DIRECT_OBJC_ISA_USAGE = YES_ERROR;
				CLANG_WARN_DOCUMENTATION_COMMENTS = YES;
				CLANG_WARN_EMPTY_BODY = YES;
				CLANG_WARN_ENUM_CONVERSION = YES;
				CLANG_WARN_INFINITE_RECURSION = YES;
				CLANG_WARN_INT_CONVERSION = YES;
				CLANG_WARN_NON_LITERAL_NULL_CONVERSION = YES;
				CLANG_WARN_OBJC_IMPLICIT_RETAIN_SELF = YES;
				CLANG_WARN_OBJC_LITERAL_CONVERSION = YES;
				CLANG_WARN_OBJC_ROOT_CLASS = YES_ERROR;
				CLANG_WARN_QUOTED_INCLUDE_IN_FRAMEWORK_HEADER = YES;
				CLANG_WARN_RANGE_LOOP_ANALYSIS = YES;
				CLANG_WARN_STRICT_PROTOTYPES = YES;
				CLANG_WARN_SUSPICIOUS_MOVE = YES;
				CLANG_WARN_UNGUARDED_AVAILABILITY = YES_AGGRESSIVE;
				CLANG_WARN_UNREACHABLE_CODE = YES;
				CLANG_WARN__DUPLICATE_METHOD_MATCH = YES;
				COPY_PHASE_STRIP = NO;
				DEBUG_INFORMATION_FORMAT = dwarf;
				ENABLE_STRICT_OBJC_MSGSEND = YES;
				ENABLE_TESTABILITY = YES;
				GCC_C_LANGUAGE_STANDARD = gnu11;
				GCC_DYNAMIC_NO_PIC = NO;
				GCC_NO_COMMON_BLOCKS = YES;
				GCC_OPTIMIZATION_LEVEL = 0;
				GCC_PREPROCESSOR_DEFINITIONS = (
					"DEBUG=1",
					"$(inherited)",
				);
				GCC_WARN_64_TO_32_BIT_CONVERSION = YES;
				GCC_WARN_ABOUT_RETURN_TYPE = YES_ERROR;
				GCC_WARN_UNDECLARED_SELECTOR = YES;
				GCC_WARN_UNINITIALIZED_AUTOS = YES_AGGRESSIVE;
				GCC_WARN_UNUSED_FUNCTION = YES;
				GCC_WARN_UNUSED_VARIABLE = YES;
				IPHONEOS_DEPLOYMENT_TARGET = 14.3;
				MTL_ENABLE_DEBUG_INFO = INCLUDE_SOURCE;
				MTL_FAST_MATH = YES;
				ONLY_ACTIVE_ARCH = YES;
				SDKROOT = iphoneos;
				SWIFT_ACTIVE_COMPILATION_CONDITIONS = DEBUG;
				SWIFT_OPTIMIZATION_LEVEL = "-Onone";
			};
			name = Debug;
		};
		512D7E8C259CA9CD0064CCDA /* Release */ = {
			isa = XCBuildConfiguration;
			buildSettings = {
				ALWAYS_SEARCH_USER_PATHS = NO;
				CLANG_ANALYZER_NONNULL = YES;
				CLANG_ANALYZER_NUMBER_OBJECT_CONVERSION = YES_AGGRESSIVE;
				CLANG_CXX_LANGUAGE_STANDARD = "gnu++14";
				CLANG_CXX_LIBRARY = "libc++";
				CLANG_ENABLE_MODULES = YES;
				CLANG_ENABLE_OBJC_ARC = YES;
				CLANG_ENABLE_OBJC_WEAK = YES;
				CLANG_WARN_BLOCK_CAPTURE_AUTORELEASING = YES;
				CLANG_WARN_BOOL_CONVERSION = YES;
				CLANG_WARN_COMMA = YES;
				CLANG_WARN_CONSTANT_CONVERSION = YES;
				CLANG_WARN_DEPRECATED_OBJC_IMPLEMENTATIONS = YES;
				CLANG_WARN_DIRECT_OBJC_ISA_USAGE = YES_ERROR;
				CLANG_WARN_DOCUMENTATION_COMMENTS = YES;
				CLANG_WARN_EMPTY_BODY = YES;
				CLANG_WARN_ENUM_CONVERSION = YES;
				CLANG_WARN_INFINITE_RECURSION = YES;
				CLANG_WARN_INT_CONVERSION = YES;
				CLANG_WARN_NON_LITERAL_NULL_CONVERSION = YES;
				CLANG_WARN_OBJC_IMPLICIT_RETAIN_SELF = YES;
				CLANG_WARN_OBJC_LITERAL_CONVERSION = YES;
				CLANG_WARN_OBJC_ROOT_CLASS = YES_ERROR;
				CLANG_WARN_QUOTED_INCLUDE_IN_FRAMEWORK_HEADER = YES;
				CLANG_WARN_RANGE_LOOP_ANALYSIS = YES;
				CLANG_WARN_STRICT_PROTOTYPES = YES;
				CLANG_WARN_SUSPICIOUS_MOVE = YES;
				CLANG_WARN_UNGUARDED_AVAILABILITY = YES_AGGRESSIVE;
				CLANG_WARN_UNREACHABLE_CODE = YES;
				CLANG_WARN__DUPLICATE_METHOD_MATCH = YES;
				COPY_PHASE_STRIP = NO;
				DEBUG_INFORMATION_FORMAT = "dwarf-with-dsym";
				ENABLE_NS_ASSERTIONS = NO;
				ENABLE_STRICT_OBJC_MSGSEND = YES;
				GCC_C_LANGUAGE_STANDARD = gnu11;
				GCC_NO_COMMON_BLOCKS = YES;
				GCC_WARN_64_TO_32_BIT_CONVERSION = YES;
				GCC_WARN_ABOUT_RETURN_TYPE = YES_ERROR;
				GCC_WARN_UNDECLARED_SELECTOR = YES;
				GCC_WARN_UNINITIALIZED_AUTOS = YES_AGGRESSIVE;
				GCC_WARN_UNUSED_FUNCTION = YES;
				GCC_WARN_UNUSED_VARIABLE = YES;
				IPHONEOS_DEPLOYMENT_TARGET = 14.3;
				MTL_ENABLE_DEBUG_INFO = NO;
				MTL_FAST_MATH = YES;
				SDKROOT = iphoneos;
				SWIFT_COMPILATION_MODE = wholemodule;
				SWIFT_OPTIMIZATION_LEVEL = "-O";
				VALIDATE_PRODUCT = YES;
			};
			name = Release;
		};
		512D7E8E259CA9CD0064CCDA /* Debug */ = {
			isa = XCBuildConfiguration;
			buildSettings = {
				ASSETCATALOG_COMPILER_APPICON_NAME = AppIcon;
				ASSETCATALOG_COMPILER_GLOBAL_ACCENT_COLOR_NAME = AccentColor;
				CODE_SIGN_STYLE = Automatic;
				DEVELOPMENT_ASSET_PATHS = "\"List and NavigationView/Preview Content\"";
				DEVELOPMENT_TEAM = R77BD8MPA8;
				ENABLE_PREVIEWS = YES;
				INFOPLIST_FILE = "List and NavigationView/Info.plist";
				IPHONEOS_DEPLOYMENT_TARGET = 14.0;
				LD_RUNPATH_SEARCH_PATHS = (
					"$(inherited)",
					"@executable_path/Frameworks",
				);
				PRODUCT_BUNDLE_IDENTIFIER = "com.mazharul.huq.List-and-NavigationView";
				PRODUCT_NAME = "$(TARGET_NAME)";
				SWIFT_VERSION = 5.0;
				TARGETED_DEVICE_FAMILY = "1,2";
			};
			name = Debug;
		};
		512D7E8F259CA9CD0064CCDA /* Release */ = {
			isa = XCBuildConfiguration;
			buildSettings = {
				ASSETCATALOG_COMPILER_APPICON_NAME = AppIcon;
				ASSETCATALOG_COMPILER_GLOBAL_ACCENT_COLOR_NAME = AccentColor;
				CODE_SIGN_STYLE = Automatic;
				DEVELOPMENT_ASSET_PATHS = "\"List and NavigationView/Preview Content\"";
				DEVELOPMENT_TEAM = R77BD8MPA8;
				ENABLE_PREVIEWS = YES;
				INFOPLIST_FILE = "List and NavigationView/Info.plist";
				IPHONEOS_DEPLOYMENT_TARGET = 14.0;
				LD_RUNPATH_SEARCH_PATHS = (
					"$(inherited)",
					"@executable_path/Frameworks",
				);
				PRODUCT_BUNDLE_IDENTIFIER = "com.mazharul.huq.List-and-NavigationView";
				PRODUCT_NAME = "$(TARGET_NAME)";
				SWIFT_VERSION = 5.0;
				TARGETED_DEVICE_FAMILY = "1,2";
			};
			name = Release;
		};
/* End XCBuildConfiguration section */

/* Begin XCConfigurationList section */
		512D7E79259CA9CA0064CCDA /* Build configuration list for PBXProject "List and NavigationView" */ = {
			isa = XCConfigurationList;
			buildConfigurations = (
				512D7E8B259CA9CD0064CCDA /* Debug */,
				512D7E8C259CA9CD0064CCDA /* Release */,
			);
			defaultConfigurationIsVisible = 0;
			defaultConfigurationName = Release;
		};
		512D7E8D259CA9CD0064CCDA /* Build configuration list for PBXNativeTarget "List and NavigationView" */ = {
			isa = XCConfigurationList;
			buildConfigurations = (
				512D7E8E259CA9CD0064CCDA /* Debug */,
				512D7E8F259CA9CD0064CCDA /* Release */,
			);
			defaultConfigurationIsVisible = 0;
			defaultConfigurationName = Release;
		};
/* End XCConfigurationList section */
	};
	rootObject = 512D7E76259CA9CA0064CCDA /* Project object */;
}
