// !$*UTF8*$!
{
	archiveVersion = 1;
	classes = {
	};
	objectVersion = 50;
	objects = {

/* Begin PBXBuildFile section */
		5134EC7F259FFAFA00F8F230 /* Swift_Features_in_SwiftUIApp.swift in Sources */ = {isa = PBXBuildFile; fileRef = 5134EC7E259FFAFA00F8F230 /* Swift_Features_in_SwiftUIApp.swift */; };
		5134EC81259FFAFA00F8F230 /* ContentView.swift in Sources */ = {isa = PBXBuildFile; fileRef = 5134EC80259FFAFA00F8F230 /* ContentView.swift */; };
		5134EC83259FFAFC00F8F230 /* Assets.xcassets in Resources */ = {isa = PBXBuildFile; fileRef = 5134EC82259FFAFC00F8F230 /* Assets.xcassets */; };
		5134EC86259FFAFC00F8F230 /* Preview Assets.xcassets in Resources */ = {isa = PBXBuildFile; fileRef = 5134EC85259FFAFC00F8F230 /* Preview Assets.xcassets */; };
		5134EC92259FFB8500F8F230 /* OpaqueReturnTypeView.swift in Sources */ = {isa = PBXBuildFile; fileRef = 5134EC91259FFB8500F8F230 /* OpaqueReturnTypeView.swift */; };
		5134EC96259FFBE300F8F230 /* ConcreteReturnTypeView.swift in Sources */ = {isa = PBXBuildFile; fileRef = 5134EC95259FFBE300F8F230 /* ConcreteReturnTypeView.swift */; };
		5134EC9A259FFE6300F8F230 /* OmittingReturnTypeView.swift in Sources */ = {isa = PBXBuildFile; fileRef = 5134EC99259FFE6300F8F230 /* OmittingReturnTypeView.swift */; };
/* End PBXBuildFile section */

/* Begin PBXFileReference section */
		5134EC7B259FFAFA00F8F230 /* Swift Features in SwiftUI.app */ = {isa = PBXFileReference; explicitFileType = wrapper.application; includeInIndex = 0; path = "Swift Features in SwiftUI.app"; sourceTree = BUILT_PRODUCTS_DIR; };
		5134EC7E259FFAFA00F8F230 /* Swift_Features_in_SwiftUIApp.swift */ = {isa = PBXFileReference; lastKnownFileType = sourcecode.swift; path = Swift_Features_in_SwiftUIApp.swift; sourceTree = "<group>"; };
		5134EC80259FFAFA00F8F230 /* ContentView.swift */ = {isa = PBXFileReference; lastKnownFileType = sourcecode.swift; path = ContentView.swift; sourceTree = "<group>"; };
		5134EC82259FFAFC00F8F230 /* Assets.xcassets */ = {isa = PBXFileReference; lastKnownFileType = folder.assetcatalog; path = Assets.xcassets; sourceTree = "<group>"; };
		5134EC85259FFAFC00F8F230 /* Preview Assets.xcassets */ = {isa = PBXFileReference; lastKnownFileType = folder.assetcatalog; path = "Preview Assets.xcassets"; sourceTree = "<group>"; };
		5134EC87259FFAFC00F8F230 /* Info.plist */ = {isa = PBXFileReference; lastKnownFileType = text.plist.xml; path = Info.plist; sourceTree = "<group>"; };
		5134EC91259FFB8500F8F230 /* OpaqueReturnTypeView.swift */ = {isa = PBXFileReference; lastKnownFileType = sourcecode.swift; path = OpaqueReturnTypeView.swift; sourceTree = "<group>"; };
		5134EC95259FFBE300F8F230 /* ConcreteReturnTypeView.swift */ = {isa = PBXFileReference; lastKnownFileType = sourcecode.swift; path = ConcreteReturnTypeView.swift; sourceTree = "<group>"; };
		5134EC99259FFE6300F8F230 /* OmittingReturnTypeView.swift */ = {isa = PBXFileReference; lastKnownFileType = sourcecode.swift; path = OmittingReturnTypeView.swift; sourceTree = "<group>"; };
/* End PBXFileReference section */

/* Begin PBXFrameworksBuildPhase section */
		5134EC78259FFAFA00F8F230 /* Frameworks */ = {
			isa = PBXFrameworksBuildPhase;
			buildActionMask = 2147483647;
			files = (
			);
			runOnlyForDeploymentPostprocessing = 0;
		};
/* End PBXFrameworksBuildPhase section */

/* Begin PBXGroup section */
		5134EC72259FFAFA00F8F230 = {
			isa = PBXGroup;
			children = (
				5134EC7D259FFAFA00F8F230 /* Swift Features in SwiftUI */,
				5134EC7C259FFAFA00F8F230 /* Products */,
			);
			sourceTree = "<group>";
		};
		5134EC7C259FFAFA00F8F230 /* Products */ = {
			isa = PBXGroup;
			children = (
				5134EC7B259FFAFA00F8F230 /* Swift Features in SwiftUI.app */,
			);
			name = Products;
			sourceTree = "<group>";
		};
		5134EC7D259FFAFA00F8F230 /* Swift Features in SwiftUI */ = {
			isa = PBXGroup;
			children = (
				5134EC7E259FFAFA00F8F230 /* Swift_Features_in_SwiftUIApp.swift */,
				5134EC80259FFAFA00F8F230 /* ContentView.swift */,
				5134EC91259FFB8500F8F230 /* OpaqueReturnTypeView.swift */,
				5134EC95259FFBE300F8F230 /* ConcreteReturnTypeView.swift */,
				5134EC99259FFE6300F8F230 /* OmittingReturnTypeView.swift */,
				5134EC82259FFAFC00F8F230 /* Assets.xcassets */,
				5134EC87259FFAFC00F8F230 /* Info.plist */,
				5134EC84259FFAFC00F8F230 /* Preview Content */,
			);
			path = "Swift Features in SwiftUI";
			sourceTree = "<group>";
		};
		5134EC84259FFAFC00F8F230 /* Preview Content */ = {
			isa = PBXGroup;
			children = (
				5134EC85259FFAFC00F8F230 /* Preview Assets.xcassets */,
			);
			path = "Preview Content";
			sourceTree = "<group>";
		};
/* End PBXGroup section */

/* Begin PBXNativeTarget section */
		5134EC7A259FFAFA00F8F230 /* Swift Features in SwiftUI */ = {
			isa = PBXNativeTarget;
			buildConfigurationList = 5134EC8A259FFAFC00F8F230 /* Build configuration list for PBXNativeTarget "Swift Features in SwiftUI" */;
			buildPhases = (
				5134EC77259FFAFA00F8F230 /* Sources */,
				5134EC78259FFAFA00F8F230 /* Frameworks */,
				5134EC79259FFAFA00F8F230 /* Resources */,
			);
			buildRules = (
			);
			dependencies = (
			);
			name = "Swift Features in SwiftUI";
			productName = "Swift Features in SwiftUI";
			productReference = 5134EC7B259FFAFA00F8F230 /* Swift Features in SwiftUI.app */;
			productType = "com.apple.product-type.application";
		};
/* End PBXNativeTarget section */

/* Begin PBXProject section */
		5134EC73259FFAFA00F8F230 /* Project object */ = {
			isa = PBXProject;
			attributes = {
				LastSwiftUpdateCheck = 1230;
				LastUpgradeCheck = 1230;
				TargetAttributes = {
					5134EC7A259FFAFA00F8F230 = {
						CreatedOnToolsVersion = 12.3;
					};
				};
			};
			buildConfigurationList = 5134EC76259FFAFA00F8F230 /* Build configuration list for PBXProject "Swift Features in SwiftUI" */;
			compatibilityVersion = "Xcode 9.3";
			developmentRegion = en;
			hasScannedForEncodings = 0;
			knownRegions = (
				en,
				Base,
			);
			mainGroup = 5134EC72259FFAFA00F8F230;
			productRefGroup = 5134EC7C259FFAFA00F8F230 /* Products */;
			projectDirPath = "";
			projectRoot = "";
			targets = (
				5134EC7A259FFAFA00F8F230 /* Swift Features in SwiftUI */,
			);
		};
/* End PBXProject section */

/* Begin PBXResourcesBuildPhase section */
		5134EC79259FFAFA00F8F230 /* Resources */ = {
			isa = PBXResourcesBuildPhase;
			buildActionMask = 2147483647;
			files = (
				5134EC86259FFAFC00F8F230 /* Preview Assets.xcassets in Resources */,
				5134EC83259FFAFC00F8F230 /* Assets.xcassets in Resources */,
			);
			runOnlyForDeploymentPostprocessing = 0;
		};
/* End PBXResourcesBuildPhase section */

/* Begin PBXSourcesBuildPhase section */
		5134EC77259FFAFA00F8F230 /* Sources */ = {
			isa = PBXSourcesBuildPhase;
			buildActionMask = 2147483647;
			files = (
				5134EC92259FFB8500F8F230 /* OpaqueReturnTypeView.swift in Sources */,
				5134EC81259FFAFA00F8F230 /* ContentView.swift in Sources */,
				5134EC9A259FFE6300F8F230 /* OmittingReturnTypeView.swift in Sources */,
				5134EC7F259FFAFA00F8F230 /* Swift_Features_in_SwiftUIApp.swift in Sources */,
				5134EC96259FFBE300F8F230 /* ConcreteReturnTypeView.swift in Sources */,
			);
			runOnlyForDeploymentPostprocessing = 0;
		};
/* End PBXSourcesBuildPhase section */

/* Begin XCBuildConfiguration section */
		5134EC88259FFAFC00F8F230 /* Debug */ = {
			isa = XCBuildConfiguration;
			buildSettings = {
				ALWAYS_SEARCH_USER_PATHS = NO;
				CLANG_ANALYZER_NONNULL = YES;
				CLANG_ANALYZER_NUMBER_OBJECT_CONVERSION = YES_AGGRESSIVE;
				CLANG_CXX_LANGUAGE_STANDARD = "gnu++14";
				CLANG_CXX_LIBRARY = "libc++";
				CLANG_ENABLE_MODULES = YES;
				CLANG_ENABLE_OBJC_ARC = YES;
				CLANG_ENABLE_OBJC_WEAK = YES;
				CLANG_WARN_BLOCK_CAPTURE_AUTORELEASING = YES;
				CLANG_WARN_BOOL_CONVERSION = YES;
				CLANG_WARN_COMMA = YES;
				CLANG_WARN_CONSTANT_CONVERSION = YES;
				CLANG_WARN_DEPRECATED_OBJC_IMPLEMENTATIONS = YES;
				CLANG_WARN_DIRECT_OBJC_ISA_USAGE = YES_ERROR;
				CLANG_WARN_DOCUMENTATION_COMMENTS = YES;
				CLANG_WARN_EMPTY_BODY = YES;
				CLANG_WARN_ENUM_CONVERSION = YES;
				CLANG_WARN_INFINITE_RECURSION = YES;
				CLANG_WARN_INT_CONVERSION = YES;
				CLANG_WARN_NON_LITERAL_NULL_CONVERSION = YES;
				CLANG_WARN_OBJC_IMPLICIT_RETAIN_SELF = YES;
				CLANG_WARN_OBJC_LITERAL_CONVERSION = YES;
				CLANG_WARN_OBJC_ROOT_CLASS = YES_ERROR;
				CLANG_WARN_QUOTED_INCLUDE_IN_FRAMEWORK_HEADER = YES;
				CLANG_WARN_RANGE_LOOP_ANALYSIS = YES;
				CLANG_WARN_STRICT_PROTOTYPES = YES;
				CLANG_WARN_SUSPICIOUS_MOVE = YES;
				CLANG_WARN_UNGUARDED_AVAILABILITY = YES_AGGRESSIVE;
				CLANG_WARN_UNREACHABLE_CODE = YES;
				CLANG_WARN__DUPLICATE_METHOD_MATCH = YES;
				COPY_PHASE_STRIP = NO;
				DEBUG_INFORMATION_FORMAT = dwarf;
				ENABLE_STRICT_OBJC_MSGSEND = YES;
				ENABLE_TESTABILITY = YES;
				GCC_C_LANGUAGE_STANDARD = gnu11;
				GCC_DYNAMIC_NO_PIC = NO;
				GCC_NO_COMMON_BLOCKS = YES;
				GCC_OPTIMIZATION_LEVEL = 0;
				GCC_PREPROCESSOR_DEFINITIONS = (
					"DEBUG=1",
					"$(inherited)",
				);
				GCC_WARN_64_TO_32_BIT_CONVERSION = YES;
				GCC_WARN_ABOUT_RETURN_TYPE = YES_ERROR;
				GCC_WARN_UNDECLARED_SELECTOR = YES;
				GCC_WARN_UNINITIALIZED_AUTOS = YES_AGGRESSIVE;
				GCC_WARN_UNUSED_FUNCTION = YES;
				GCC_WARN_UNUSED_VARIABLE = YES;
				IPHONEOS_DEPLOYMENT_TARGET = 14.3;
				MTL_ENABLE_DEBUG_INFO = INCLUDE_SOURCE;
				MTL_FAST_MATH = YES;
				ONLY_ACTIVE_ARCH = YES;
				SDKROOT = iphoneos;
				SWIFT_ACTIVE_COMPILATION_CONDITIONS = DEBUG;
				SWIFT_OPTIMIZATION_LEVEL = "-Onone";
			};
			name = Debug;
		};
		5134EC89259FFAFC00F8F230 /* Release */ = {
			isa = XCBuildConfiguration;
			buildSettings = {
				ALWAYS_SEARCH_USER_PATHS = NO;
				CLANG_ANALYZER_NONNULL = YES;
				CLANG_ANALYZER_NUMBER_OBJECT_CONVERSION = YES_AGGRESSIVE;
				CLANG_CXX_LANGUAGE_STANDARD = "gnu++14";
				CLANG_CXX_LIBRARY = "libc++";
				CLANG_ENABLE_MODULES = YES;
				CLANG_ENABLE_OBJC_ARC = YES;
				CLANG_ENABLE_OBJC_WEAK = YES;
				CLANG_WARN_BLOCK_CAPTURE_AUTORELEASING = YES;
				CLANG_WARN_BOOL_CONVERSION = YES;
				CLANG_WARN_COMMA = YES;
				CLANG_WARN_CONSTANT_CONVERSION = YES;
				CLANG_WARN_DEPRECATED_OBJC_IMPLEMENTATIONS = YES;
				CLANG_WARN_DIRECT_OBJC_ISA_USAGE = YES_ERROR;
				CLANG_WARN_DOCUMENTATION_COMMENTS = YES;
				CLANG_WARN_EMPTY_BODY = YES;
				CLANG_WARN_ENUM_CONVERSION = YES;
				CLANG_WARN_INFINITE_RECURSION = YES;
				CLANG_WARN_INT_CONVERSION = YES;
				CLANG_WARN_NON_LITERAL_NULL_CONVERSION = YES;
				CLANG_WARN_OBJC_IMPLICIT_RETAIN_SELF = YES;
				CLANG_WARN_OBJC_LITERAL_CONVERSION = YES;
				CLANG_WARN_OBJC_ROOT_CLASS = YES_ERROR;
				CLANG_WARN_QUOTED_INCLUDE_IN_FRAMEWORK_HEADER = YES;
				CLANG_WARN_RANGE_LOOP_ANALYSIS = YES;
				CLANG_WARN_STRICT_PROTOTYPES = YES;
				CLANG_WARN_SUSPICIOUS_MOVE = YES;
				CLANG_WARN_UNGUARDED_AVAILABILITY = YES_AGGRESSIVE;
				CLANG_WARN_UNREACHABLE_CODE = YES;
				CLANG_WARN__DUPLICATE_METHOD_MATCH = YES;
				COPY_PHASE_STRIP = NO;
				DEBUG_INFORMATION_FORMAT = "dwarf-with-dsym";
				ENABLE_NS_ASSERTIONS = NO;
				ENABLE_STRICT_OBJC_MSGSEND = YES;
				GCC_C_LANGUAGE_STANDARD = gnu11;
				GCC_NO_COMMON_BLOCKS = YES;
				GCC_WARN_64_TO_32_BIT_CONVERSION = YES;
				GCC_WARN_ABOUT_RETURN_TYPE = YES_ERROR;
				GCC_WARN_UNDECLARED_SELECTOR = YES;
				GCC_WARN_UNINITIALIZED_AUTOS = YES_AGGRESSIVE;
				GCC_WARN_UNUSED_FUNCTION = YES;
				GCC_WARN_UNUSED_VARIABLE = YES;
				IPHONEOS_DEPLOYMENT_TARGET = 14.3;
				MTL_ENABLE_DEBUG_INFO = NO;
				MTL_FAST_MATH = YES;
				SDKROOT = iphoneos;
				SWIFT_COMPILATION_MODE = wholemodule;
				SWIFT_OPTIMIZATION_LEVEL = "-O";
				VALIDATE_PRODUCT = YES;
			};
			name = Release;
		};
		5134EC8B259FFAFC00F8F230 /* Debug */ = {
			isa = XCBuildConfiguration;
			buildSettings = {
				ASSETCATALOG_COMPILER_APPICON_NAME = AppIcon;
				ASSETCATALOG_COMPILER_GLOBAL_ACCENT_COLOR_NAME = AccentColor;
				CODE_SIGN_STYLE = Automatic;
				DEVELOPMENT_ASSET_PATHS = "\"Swift Features in SwiftUI/Preview Content\"";
				DEVELOPMENT_TEAM = R77BD8MPA8;
				ENABLE_PREVIEWS = YES;
				INFOPLIST_FILE = "Swift Features in SwiftUI/Info.plist";
				IPHONEOS_DEPLOYMENT_TARGET = 14.0;
				LD_RUNPATH_SEARCH_PATHS = (
					"$(inherited)",
					"@executable_path/Frameworks",
				);
				PRODUCT_BUNDLE_IDENTIFIER = "com.mazharul.huq.Swift-Features-in-SwiftUI";
				PRODUCT_NAME = "$(TARGET_NAME)";
				SWIFT_VERSION = 5.0;
				TARGETED_DEVICE_FAMILY = "1,2";
			};
			name = Debug;
		};
		5134EC8C259FFAFC00F8F230 /* Release */ = {
			isa = XCBuildConfiguration;
			buildSettings = {
				ASSETCATALOG_COMPILER_APPICON_NAME = AppIcon;
				ASSETCATALOG_COMPILER_GLOBAL_ACCENT_COLOR_NAME = AccentColor;
				CODE_SIGN_STYLE = Automatic;
				DEVELOPMENT_ASSET_PATHS = "\"Swift Features in SwiftUI/Preview Content\"";
				DEVELOPMENT_TEAM = R77BD8MPA8;
				ENABLE_PREVIEWS = YES;
				INFOPLIST_FILE = "Swift Features in SwiftUI/Info.plist";
				IPHONEOS_DEPLOYMENT_TARGET = 14.0;
				LD_RUNPATH_SEARCH_PATHS = (
					"$(inherited)",
					"@executable_path/Frameworks",
				);
				PRODUCT_BUNDLE_IDENTIFIER = "com.mazharul.huq.Swift-Features-in-SwiftUI";
				PRODUCT_NAME = "$(TARGET_NAME)";
				SWIFT_VERSION = 5.0;
				TARGETED_DEVICE_FAMILY = "1,2";
			};
			name = Release;
		};
/* End XCBuildConfiguration section */

/* Begin XCConfigurationList section */
		5134EC76259FFAFA00F8F230 /* Build configuration list for PBXProject "Swift Features in SwiftUI" */ = {
			isa = XCConfigurationList;
			buildConfigurations = (
				5134EC88259FFAFC00F8F230 /* Debug */,
				5134EC89259FFAFC00F8F230 /* Release */,
			);
			defaultConfigurationIsVisible = 0;
			defaultConfigurationName = Release;
		};
		5134EC8A259FFAFC00F8F230 /* Build configuration list for PBXNativeTarget "Swift Features in SwiftUI" */ = {
			isa = XCConfigurationList;
			buildConfigurations = (
				5134EC8B259FFAFC00F8F230 /* Debug */,
				5134EC8C259FFAFC00F8F230 /* Release */,
			);
			defaultConfigurationIsVisible = 0;
			defaultConfigurationName = Release;
		};
/* End XCConfigurationList section */
	};
	rootObject = 5134EC73259FFAFA00F8F230 /* Project object */;
}
